
Microsoft Visual Studio Solution File, Format Version 11.00
# Visual Studio 2010
Project("{F184B08F-C81C-45F6-A57F-5ABD9991F28F}") = "EventManagement", "EventManagement.vbproj", "{4AFED126-BC5B-433A-9540-3D2D73014ACA}"
EndProject
Global
	GlobalSection(SolutionConfigurationPlatforms) = preSolution
		Debug|Any CPU = Debug|Any CPU
		Release|Any CPU = Release|Any CPU
	EndGlobalSection
	GlobalSection(ProjectConfigurationPlatforms) = postSolution
		{4AFED126-BC5B-433A-9540-3D2D73014ACA}.Debug|Any CPU.ActiveCfg = Debug|Any CPU
		{4AFED126-BC5B-433A-9540-3D2D73014ACA}.Debug|Any CPU.Build.0 = Debug|Any CPU
		{4AFED126-BC5B-433A-9540-3D2D73014ACA}.Release|Any CPU.ActiveCfg = Release|Any CPU
		{4AFED126-BC5B-433A-9540-3D2D73014ACA}.Release|Any CPU.Build.0 = Release|Any CPU
	EndGlobalSection
	GlobalSection(SolutionProperties) = preSolution
		HideSolutionNode = FALSE
	EndGlobalSection
EndGlobal
